
Microsoft Visual Studio Solution File, Format Version 12.00
# Visual Studio Version 17
VisualStudioVersion = 17.3.32922.545
MinimumVisualStudioVersion = 10.0.40219.1
Project("{9A19103F-16F7-4668-BE54-9A1E7A4F7556}") = "01. Two Sum", "01. Two Sum\01. Two Sum.csproj", "{D397FE5C-BB6F-46A3-9B72-52EFB71C08F6}"
EndProject
Project("{9A19103F-16F7-4668-BE54-9A1E7A4F7556}") = "09. Palindrome Number", "09. Palindrome Number\09. Palindrome Number.csproj", "{6240327D-7BBF-415C-9200-D1399FC9A8E7}"
EndProject
Project("{9A19103F-16F7-4668-BE54-9A1E7A4F7556}") = "13. Roman to Integer", "13. Roman to Integer\13. Roman to Integer.csproj", "{003F50C5-3ED2-4468-AE92-101B0EC9422E}"
EndProject
Project("{9A19103F-16F7-4668-BE54-9A1E7A4F7556}") = "14. Longest Common Prefix", "14. Longest Common Prefix\14. Longest Common Prefix.csproj", "{1995387D-8931-44A3-8535-8B653559EABF}"
EndProject
Project("{9A19103F-16F7-4668-BE54-9A1E7A4F7556}") = "20. Valid Parentheses", "20. Valid Parentheses\20. Valid Parentheses.csproj", "{6992EEBA-665D-4608-9B3F-6E3F4EC95228}"
EndProject
Project("{9A19103F-16F7-4668-BE54-9A1E7A4F7556}") = "35. Search Insert Position", "35. Search Insert Position\35. Search Insert Position.csproj", "{0008FA55-31A9-4DF3-B721-1B3AE86A08E9}"
EndProject
Project("{9A19103F-16F7-4668-BE54-9A1E7A4F7556}") = "26. Remove Duplicates from Sorted Array", "26. Remove Duplicates from Sorted Array\26. Remove Duplicates from Sorted Array.csproj", "{E9E4BEAB-C94B-4AEE-B358-1D259B5B6B96}"
EndProject
Project("{9A19103F-16F7-4668-BE54-9A1E7A4F7556}") = "27. Remove Element", "27. Remove Element\27. Remove Element.csproj", "{BC55D118-C55B-4BD6-9D91-908FCD5B0E1C}"
EndProject
Project("{9A19103F-16F7-4668-BE54-9A1E7A4F7556}") = "58. Length of Last Word", "58. Length of Last Word\58. Length of Last Word.csproj", "{6D4CCBA2-0076-4173-A38E-D5E13AE574AC}"
EndProject
Project("{9A19103F-16F7-4668-BE54-9A1E7A4F7556}") = "67. Add Binary", "67. Add Binary\67. Add Binary.csproj", "{49168DE3-B012-4F96-B9E1-B5C6394827F0}"
EndProject
Project("{FAE04EC0-301F-11D3-BF4B-00C04F79EFBC}") = "463. Island Perimeter", "463. Island Perimeter\463. Island Perimeter.csproj", "{E6D5C09F-7E32-465E-979F-26B69427D51D}"
EndProject
Global
	GlobalSection(SolutionConfigurationPlatforms) = preSolution
		Debug|Any CPU = Debug|Any CPU
		Release|Any CPU = Release|Any CPU
	EndGlobalSection
	GlobalSection(ProjectConfigurationPlatforms) = postSolution
		{D397FE5C-BB6F-46A3-9B72-52EFB71C08F6}.Debug|Any CPU.ActiveCfg = Debug|Any CPU
		{D397FE5C-BB6F-46A3-9B72-52EFB71C08F6}.Debug|Any CPU.Build.0 = Debug|Any CPU
		{D397FE5C-BB6F-46A3-9B72-52EFB71C08F6}.Release|Any CPU.ActiveCfg = Release|Any CPU
		{D397FE5C-BB6F-46A3-9B72-52EFB71C08F6}.Release|Any CPU.Build.0 = Release|Any CPU
		{6240327D-7BBF-415C-9200-D1399FC9A8E7}.Debug|Any CPU.ActiveCfg = Debug|Any CPU
		{6240327D-7BBF-415C-9200-D1399FC9A8E7}.Debug|Any CPU.Build.0 = Debug|Any CPU
		{6240327D-7BBF-415C-9200-D1399FC9A8E7}.Release|Any CPU.ActiveCfg = Release|Any CPU
		{6240327D-7BBF-415C-9200-D1399FC9A8E7}.Release|Any CPU.Build.0 = Release|Any CPU
		{003F50C5-3ED2-4468-AE92-101B0EC9422E}.Debug|Any CPU.ActiveCfg = Debug|Any CPU
		{003F50C5-3ED2-4468-AE92-101B0EC9422E}.Debug|Any CPU.Build.0 = Debug|Any CPU
		{003F50C5-3ED2-4468-AE92-101B0EC9422E}.Release|Any CPU.ActiveCfg = Release|Any CPU
		{003F50C5-3ED2-4468-AE92-101B0EC9422E}.Release|Any CPU.Build.0 = Release|Any CPU
		{1995387D-8931-44A3-8535-8B653559EABF}.Debug|Any CPU.ActiveCfg = Debug|Any CPU
		{1995387D-8931-44A3-8535-8B653559EABF}.Debug|Any CPU.Build.0 = Debug|Any CPU
		{1995387D-8931-44A3-8535-8B653559EABF}.Release|Any CPU.ActiveCfg = Release|Any CPU
		{1995387D-8931-44A3-8535-8B653559EABF}.Release|Any CPU.Build.0 = Release|Any CPU
		{6992EEBA-665D-4608-9B3F-6E3F4EC95228}.Debug|Any CPU.ActiveCfg = Debug|Any CPU
		{6992EEBA-665D-4608-9B3F-6E3F4EC95228}.Debug|Any CPU.Build.0 = Debug|Any CPU
		{6992EEBA-665D-4608-9B3F-6E3F4EC95228}.Release|Any CPU.ActiveCfg = Release|Any CPU
		{6992EEBA-665D-4608-9B3F-6E3F4EC95228}.Release|Any CPU.Build.0 = Release|Any CPU
		{0008FA55-31A9-4DF3-B721-1B3AE86A08E9}.Debug|Any CPU.ActiveCfg = Debug|Any CPU
		{0008FA55-31A9-4DF3-B721-1B3AE86A08E9}.Debug|Any CPU.Build.0 = Debug|Any CPU
		{0008FA55-31A9-4DF3-B721-1B3AE86A08E9}.Release|Any CPU.ActiveCfg = Release|Any CPU
		{0008FA55-31A9-4DF3-B721-1B3AE86A08E9}.Release|Any CPU.Build.0 = Release|Any CPU
		{E9E4BEAB-C94B-4AEE-B358-1D259B5B6B96}.Debug|Any CPU.ActiveCfg = Debug|Any CPU
		{E9E4BEAB-C94B-4AEE-B358-1D259B5B6B96}.Debug|Any CPU.Build.0 = Debug|Any CPU
		{E9E4BEAB-C94B-4AEE-B358-1D259B5B6B96}.Release|Any CPU.ActiveCfg = Release|Any CPU
		{E9E4BEAB-C94B-4AEE-B358-1D259B5B6B96}.Release|Any CPU.Build.0 = Release|Any CPU
		{BC55D118-C55B-4BD6-9D91-908FCD5B0E1C}.Debug|Any CPU.ActiveCfg = Debug|Any CPU
		{BC55D118-C55B-4BD6-9D91-908FCD5B0E1C}.Debug|Any CPU.Build.0 = Debug|Any CPU
		{BC55D118-C55B-4BD6-9D91-908FCD5B0E1C}.Release|Any CPU.ActiveCfg = Release|Any CPU
		{BC55D118-C55B-4BD6-9D91-908FCD5B0E1C}.Release|Any CPU.Build.0 = Release|Any CPU
		{6D4CCBA2-0076-4173-A38E-D5E13AE574AC}.Debug|Any CPU.ActiveCfg = Debug|Any CPU
		{6D4CCBA2-0076-4173-A38E-D5E13AE574AC}.Debug|Any CPU.Build.0 = Debug|Any CPU
		{6D4CCBA2-0076-4173-A38E-D5E13AE574AC}.Release|Any CPU.ActiveCfg = Release|Any CPU
		{6D4CCBA2-0076-4173-A38E-D5E13AE574AC}.Release|Any CPU.Build.0 = Release|Any CPU
		{49168DE3-B012-4F96-B9E1-B5C6394827F0}.Debug|Any CPU.ActiveCfg = Debug|Any CPU
		{49168DE3-B012-4F96-B9E1-B5C6394827F0}.Debug|Any CPU.Build.0 = Debug|Any CPU
		{49168DE3-B012-4F96-B9E1-B5C6394827F0}.Release|Any CPU.ActiveCfg = Release|Any CPU
		{49168DE3-B012-4F96-B9E1-B5C6394827F0}.Release|Any CPU.Build.0 = Release|Any CPU
		{E6D5C09F-7E32-465E-979F-26B69427D51D}.Debug|Any CPU.ActiveCfg = Debug|Any CPU
		{E6D5C09F-7E32-465E-979F-26B69427D51D}.Debug|Any CPU.Build.0 = Debug|Any CPU
		{E6D5C09F-7E32-465E-979F-26B69427D51D}.Release|Any CPU.ActiveCfg = Release|Any CPU
		{E6D5C09F-7E32-465E-979F-26B69427D51D}.Release|Any CPU.Build.0 = Release|Any CPU
	EndGlobalSection
	GlobalSection(SolutionProperties) = preSolution
		HideSolutionNode = FALSE
	EndGlobalSection
	GlobalSection(ExtensibilityGlobals) = postSolution
		SolutionGuid = {2036C812-701B-4EE2-9D4D-8BDDCACAD083}
	EndGlobalSection
EndGlobal
